{
  "version": 4,
  "terraform_version": "1.0.0",
  "serial": 13,
  "lineage": "41dc7838-fa5c-a611-329e-5307fd1cd935",
  "outputs": {},
  "resources": [
    {
      "mode": "managed",
      "type": "aws_iam_group",
      "name": "application_group",
      "provider": "provider[\"registry.terraform.io/hashicorp/aws\"]",
      "instances": [
        {
          "schema_version": 0,
          "attributes": {
            "arn": "arn:aws:iam::509002973204:group/users/application",
            "id": "application",
            "name": "application",
            "path": "/users/",
            "unique_id": "AGPAXNAXRAAKIDKTXCJZ4"
          },
          "sensitive_attributes": [],
          "private": "bnVsbA=="
        }
      ]
    },
    {
      "mode": "managed",
      "type": "aws_iam_user",
      "name": "application_users",
      "provider": "provider[\"registry.terraform.io/hashicorp/aws\"]",
      "instances": [
        {
          "schema_version": 0,
          "attributes": {
            "arn": "arn:aws:iam::509002973204:user/system/apps01",
            "force_destroy": false,
            "id": "apps01",
            "name": "apps01",
            "path": "/system/",
            "permissions_boundary": null,
            "tags": null,
            "tags_all": {},
            "unique_id": "AIDAXNAXRAAKH35O2FXGQ"
          },
          "sensitive_attributes": [],
          "private": "bnVsbA=="
        }
      ]
    },
    {
      "mode": "managed",
      "type": "aws_iam_user_group_membership",
      "name": "application_group_members",
      "provider": "provider[\"registry.terraform.io/hashicorp/aws\"]",
      "instances": [
        {
          "schema_version": 0,
          "attributes": {
            "groups": [
              "application"
            ],
            "id": "terraform-20230205132451206800000001",
            "user": "apps01"
          },
          "sensitive_attributes": [],
          "private": "bnVsbA==",
          "dependencies": [
            "aws_iam_group.application_group",
            "aws_iam_user.application_users"
          ]
        }
      ]
    }
  ]
}
