{
  "version": 4,
  "terraform_version": "1.0.0",
  "serial": 7,
  "lineage": "910118ce-82a9-dba8-b7e3-c20524f514de",
  "outputs": {
    "OUT_EC2_private_ip": {
      "value": "172.31.5.241",
      "type": "string"
    },
    "OUT_EC2_public_ip": {
      "value": "52.7.56.202",
      "type": "string"
    },
    "OUT_EIP_private_dns": {
      "value": "172.31.5.241",
      "type": "string"
    },
    "OUT_EIP_public_dns": {
      "value": "ec2-52-7-56-202.compute-1.amazonaws.com",
      "type": "string"
    }
  },
  "resources": [
    {
      "mode": "managed",
      "type": "aws_eip",
      "name": "lb",
      "provider": "provider[\"registry.terraform.io/hashicorp/aws\"]",
      "instances": [
        {
          "schema_version": 0,
          "attributes": {
            "address": null,
            "allocation_id": "eipalloc-0446751cd993f817f",
            "associate_with_private_ip": null,
            "association_id": "eipassoc-07643640c75a4f17f",
            "carrier_ip": "",
            "customer_owned_ip": "",
            "customer_owned_ipv4_pool": "",
            "domain": "vpc",
            "id": "eipalloc-0446751cd993f817f",
            "instance": "i-062f205fba164a514",
            "network_border_group": "us-east-1",
            "network_interface": "eni-07e99dbbaebf2cc8d",
            "private_dns": "ip-172-31-5-241.ec2.internal",
            "private_ip": "172.31.5.241",
            "public_dns": "ec2-52-7-56-202.compute-1.amazonaws.com",
            "public_ip": "52.7.56.202",
            "public_ipv4_pool": "amazon",
            "tags": {
              "user": "devops"
            },
            "tags_all": {
              "user": "devops"
            },
            "timeouts": null,
            "vpc": true
          },
          "sensitive_attributes": [],
          "private": "eyJlMmJmYjczMC1lY2FhLTExZTYtOGY4OC0zNDM2M2JjN2M0YzAiOnsiZGVsZXRlIjoxODAwMDAwMDAwMDAsInJlYWQiOjkwMDAwMDAwMDAwMCwidXBkYXRlIjozMDAwMDAwMDAwMDB9fQ=="
        }
      ]
    },
    {
      "mode": "managed",
      "type": "aws_eip_association",
      "name": "myeip_assoc",
      "provider": "provider[\"registry.terraform.io/hashicorp/aws\"]",
      "instances": [
        {
          "schema_version": 0,
          "attributes": {
            "allocation_id": "eipalloc-0446751cd993f817f",
            "allow_reassociation": null,
            "id": "eipassoc-07643640c75a4f17f",
            "instance_id": "i-062f205fba164a514",
            "network_interface_id": "eni-07e99dbbaebf2cc8d",
            "private_ip_address": "172.31.5.241",
            "public_ip": "52.7.56.202"
          },
          "sensitive_attributes": [],
          "private": "bnVsbA==",
          "dependencies": [
            "aws_eip.lb",
            "aws_instance.my_ec2"
          ]
        }
      ]
    },
    {
      "mode": "managed",
      "type": "aws_instance",
      "name": "my_ec2",
      "provider": "provider[\"registry.terraform.io/hashicorp/aws\"]",
      "instances": [
        {
          "schema_version": 1,
          "attributes": {
            "ami": "ami-0aa7d40eeae50c9a9",
            "arn": "arn:aws:ec2:us-east-1:509002973204:instance/i-062f205fba164a514",
            "associate_public_ip_address": true,
            "availability_zone": "us-east-1d",
            "capacity_reservation_specification": [
              {
                "capacity_reservation_preference": "open",
                "capacity_reservation_target": []
              }
            ],
            "cpu_core_count": 1,
            "cpu_threads_per_core": 1,
            "credit_specification": [
              {
                "cpu_credits": "standard"
              }
            ],
            "disable_api_stop": false,
            "disable_api_termination": false,
            "ebs_block_device": [],
            "ebs_optimized": false,
            "enclave_options": [
              {
                "enabled": false
              }
            ],
            "ephemeral_block_device": [],
            "get_password_data": false,
            "hibernation": false,
            "host_id": "",
            "host_resource_group_arn": null,
            "iam_instance_profile": "",
            "id": "i-062f205fba164a514",
            "instance_initiated_shutdown_behavior": "stop",
            "instance_state": "running",
            "instance_type": "t2.micro",
            "ipv6_address_count": 0,
            "ipv6_addresses": [],
            "key_name": "",
            "launch_template": [],
            "maintenance_options": [
              {
                "auto_recovery": "default"
              }
            ],
            "metadata_options": [
              {
                "http_endpoint": "enabled",
                "http_put_response_hop_limit": 1,
                "http_tokens": "optional",
                "instance_metadata_tags": "disabled"
              }
            ],
            "monitoring": false,
            "network_interface": [],
            "outpost_arn": "",
            "password_data": "",
            "placement_group": "",
            "placement_partition_number": 0,
            "primary_network_interface_id": "eni-07e99dbbaebf2cc8d",
            "private_dns": "ip-172-31-5-241.ec2.internal",
            "private_dns_name_options": [
              {
                "enable_resource_name_dns_a_record": false,
                "enable_resource_name_dns_aaaa_record": false,
                "hostname_type": "ip-name"
              }
            ],
            "private_ip": "172.31.5.241",
            "public_dns": "ec2-52-7-56-202.compute-1.amazonaws.com",
            "public_ip": "52.7.56.202",
            "root_block_device": [
              {
                "delete_on_termination": true,
                "device_name": "/dev/xvda",
                "encrypted": false,
                "iops": 100,
                "kms_key_id": "",
                "tags": {},
                "throughput": 0,
                "volume_id": "vol-031e096976526c622",
                "volume_size": 8,
                "volume_type": "gp2"
              }
            ],
            "secondary_private_ips": [],
            "security_groups": [
              "default"
            ],
            "source_dest_check": true,
            "subnet_id": "subnet-0aae39f3962c7f1f4",
            "tags": {
              "user": "devops"
            },
            "tags_all": {
              "user": "devops"
            },
            "tenancy": "default",
            "timeouts": null,
            "user_data": null,
            "user_data_base64": null,
            "user_data_replace_on_change": false,
            "volume_tags": null,
            "vpc_security_group_ids": [
              "sg-0712e977caa87ab0d"
            ]
          },
          "sensitive_attributes": [],
          "private": "eyJlMmJmYjczMC1lY2FhLTExZTYtOGY4OC0zNDM2M2JjN2M0YzAiOnsiY3JlYXRlIjo2MDAwMDAwMDAwMDAsImRlbGV0ZSI6MTIwMDAwMDAwMDAwMCwidXBkYXRlIjo2MDAwMDAwMDAwMDB9LCJzY2hlbWFfdmVyc2lvbiI6IjEifQ=="
        }
      ]
    }
  ]
}
